// !$*UTF8*$!
{
	archiveVersion = 1;
	classes = {
	};
	objectVersion = 77;
	objects = {

/* Begin PBXBuildFile section */
		050793FD2F79DC590062BBBE /* FirebaseAnalytics in Frameworks */ = {isa = PBXBuildFile; productRef = 050793FC2F79DC590062BBBE /* FirebaseAnalytics */; };
		050793FF2F79DC590062BBBE /* FirebaseAnalyticsCore in Frameworks */ = {isa = PBXBuildFile; productRef = 050793FE2F79DC590062BBBE /* FirebaseAnalyticsCore */; };
		050794012F79DC590062BBBE /* FirebaseAnalyticsIdentitySupport in Frameworks */ = {isa = PBXBuildFile; productRef = 050794002F79DC590062BBBE /* FirebaseAnalyticsIdentitySupport */; };
		050794082F79E35D0062BBBE /* FirebaseAuth in Frameworks */ = {isa = PBXBuildFile; productRef = 050794072F79E35D0062BBBE /* FirebaseAuth */; };
		0507940A2F79E35D0062BBBE /* FirebaseFirestore in Frameworks */ = {isa = PBXBuildFile; productRef = 050794092F79E35D0062BBBE /* FirebaseFirestore */; };
		0507940C2F79E35D0062BBBE /* FirebaseStorage in Frameworks */ = {isa = PBXBuildFile; productRef = 0507940B2F79E35D0062BBBE /* FirebaseStorage */; };
/* End PBXBuildFile section */

/* Begin PBXContainerItemProxy section */
		058D87AA2F2ADE8600299CE8 /* PBXContainerItemProxy */ = {
			isa = PBXContainerItemProxy;
			containerPortal = 058D87942F2ADE8400299CE8 /* Project object */;
			proxyType = 1;
			remoteGlobalIDString = 058D879B2F2ADE8400299CE8;
			remoteInfo = Tessasaurus;
		};
		058D87B42F2ADE8600299CE8 /* PBXContainerItemProxy */ = {
			isa = PBXContainerItemProxy;
			containerPortal = 058D87942F2ADE8400299CE8 /* Project object */;
			proxyType = 1;
			remoteGlobalIDString = 058D879B2F2ADE8400299CE8;
			remoteInfo = Tessasaurus;
		};
/* End PBXContainerItemProxy section */

/* Begin PBXFileReference section */
		058D879C2F2ADE8400299CE8 /* Tessasaurus.app */ = {isa = PBXFileReference; explicitFileType = wrapper.application; includeInIndex = 0; path = Tessasaurus.app; sourceTree = BUILT_PRODUCTS_DIR; };
		058D87A92F2ADE8600299CE8 /* TessasaurusTests.xctest */ = {isa = PBXFileReference; explicitFileType = wrapper.cfbundle; includeInIndex = 0; path = TessasaurusTests.xctest; sourceTree = BUILT_PRODUCTS_DIR; };
		058D87B32F2ADE8600299CE8 /* TessasaurusUITests.xctest */ = {isa = PBXFileReference; explicitFileType = wrapper.cfbundle; includeInIndex = 0; path = TessasaurusUITests.xctest; sourceTree = BUILT_PRODUCTS_DIR; };
/* End PBXFileReference section */

/* Begin PBXFileSystemSynchronizedBuildFileExceptionSet section */
		058D88092F2AEE4D00299CE8 /* Exceptions for "Tessasaurus" folder in "Tessasaurus" target */ = {
			isa = PBXFileSystemSynchronizedBuildFileExceptionSet;
			membershipExceptions = (
				Info.plist,
			);
			target = 058D879B2F2ADE8400299CE8 /* Tessasaurus */;
		};
/* End PBXFileSystemSynchronizedBuildFileExceptionSet section */

/* Begin PBXFileSystemSynchronizedRootGroup section */
		058D879E2F2ADE8400299CE8 /* Tessasaurus */ = {
			isa = PBXFileSystemSynchronizedRootGroup;
			exceptions = (
				058D88092F2AEE4D00299CE8 /* Exceptions for "Tessasaurus" folder in "Tessasaurus" target */,
			);
			path = Tessasaurus;
			sourceTree = "<group>";
		};
		058D87AC2F2ADE8600299CE8 /* TessasaurusTests */ = {
			isa = PBXFileSystemSynchronizedRootGroup;
			path = TessasaurusTests;
			sourceTree = "<group>";
		};
		058D87B62F2ADE8600299CE8 /* TessasaurusUITests */ = {
			isa = PBXFileSystemSynchronizedRootGroup;
			path = TessasaurusUITests;
			sourceTree = "<group>";
		};
/* End PBXFileSystemSynchronizedRootGroup section */

/* Begin PBXFrameworksBuildPhase section */
		058D87992F2ADE8400299CE8 /* Frameworks */ = {
			isa = PBXFrameworksBuildPhase;
			buildActionMask = 2147483647;
			files = (
				050793FD2F79DC590062BBBE /* FirebaseAnalytics in Frameworks */,
				050793FF2F79DC590062BBBE /* FirebaseAnalyticsCore in Frameworks */,
				050794012F79DC590062BBBE /* FirebaseAnalyticsIdentitySupport in Frameworks */,
				0507940A2F79E35D0062BBBE /* FirebaseFirestore in Frameworks */,
				050794082F79E35D0062BBBE /* FirebaseAuth in Frameworks */,
				0507940C2F79E35D0062BBBE /* FirebaseStorage in Frameworks */,
			);
			runOnlyForDeploymentPostprocessing = 0;
		};
		058D87A62F2ADE8600299CE8 /* Frameworks */ = {
			isa = PBXFrameworksBuildPhase;
			buildActionMask = 2147483647;
			files = (
			);
			runOnlyForDeploymentPostprocessing = 0;
		};
		058D87B02F2ADE8600299CE8 /* Frameworks */ = {
			isa = PBXFrameworksBuildPhase;
			buildActionMask = 2147483647;
			files = (
			);
			runOnlyForDeploymentPostprocessing = 0;
		};
/* End PBXFrameworksBuildPhase section */

/* Begin PBXGroup section */
		050794062F79E35D0062BBBE /* Frameworks */ = {
			isa = PBXGroup;
			children = (
			);
			name = Frameworks;
			sourceTree = "<group>";
		};
		058D87932F2ADE8400299CE8 = {
			isa = PBXGroup;
			children = (
				058D879E2F2ADE8400299CE8 /* Tessasaurus */,
				058D87AC2F2ADE8600299CE8 /* TessasaurusTests */,
				058D87B62F2ADE8600299CE8 /* TessasaurusUITests */,
				050794062F79E35D0062BBBE /* Frameworks */,
				058D879D2F2ADE8400299CE8 /* Products */,
			);
			sourceTree = "<group>";
		};
		058D879D2F2ADE8400299CE8 /* Products */ = {
			isa = PBXGroup;
			children = (
				058D879C2F2ADE8400299CE8 /* Tessasaurus.app */,
				058D87A92F2ADE8600299CE8 /* TessasaurusTests.xctest */,
				058D87B32F2ADE8600299CE8 /* TessasaurusUITests.xctest */,
			);
			name = Products;
			sourceTree = "<group>";
		};
/* End PBXGroup section */

/* Begin PBXNativeTarget section */
		058D879B2F2ADE8400299CE8 /* Tessasaurus */ = {
			isa = PBXNativeTarget;
			buildConfigurationList = 058D87BD2F2ADE8600299CE8 /* Build configuration list for PBXNativeTarget "Tessasaurus" */;
			buildPhases = (
				058D87982F2ADE8400299CE8 /* Sources */,
				058D87992F2ADE8400299CE8 /* Frameworks */,
				058D879A2F2ADE8400299CE8 /* Resources */,
			);
			buildRules = (
			);
			dependencies = (
			);
			fileSystemSynchronizedGroups = (
				058D879E2F2ADE8400299CE8 /* Tessasaurus */,
			);
			name = Tessasaurus;
			packageProductDependencies = (
				050793FC2F79DC590062BBBE /* FirebaseAnalytics */,
				050793FE2F79DC590062BBBE /* FirebaseAnalyticsCore */,
				050794002F79DC590062BBBE /* FirebaseAnalyticsIdentitySupport */,
				050794072F79E35D0062BBBE /* FirebaseAuth */,
				050794092F79E35D0062BBBE /* FirebaseFirestore */,
				0507940B2F79E35D0062BBBE /* FirebaseStorage */,
			);
			productName = Tessasaurus;
			productReference = 058D879C2F2ADE8400299CE8 /* Tessasaurus.app */;
			productType = "com.apple.product-type.application";
		};
		058D87A82F2ADE8600299CE8 /* TessasaurusTests */ = {
			isa = PBXNativeTarget;
			buildConfigurationList = 058D87C02F2ADE8600299CE8 /* Build configuration list for PBXNativeTarget "TessasaurusTests" */;
			buildPhases = (
				058D87A52F2ADE8600299CE8 /* Sources */,
				058D87A62F2ADE8600299CE8 /* Frameworks */,
				058D87A72F2ADE8600299CE8 /* Resources */,
			);
			buildRules = (
			);
			dependencies = (
				058D87AB2F2ADE8600299CE8 /* PBXTargetDependency */,
			);
			fileSystemSynchronizedGroups = (
				058D87AC2F2ADE8600299CE8 /* TessasaurusTests */,
			);
			name = TessasaurusTests;
			packageProductDependencies = (
			);
			productName = TessasaurusTests;
			productReference = 058D87A92F2ADE8600299CE8 /* TessasaurusTests.xctest */;
			productType = "com.apple.product-type.bundle.unit-test";
		};
		058D87B22F2ADE8600299CE8 /* TessasaurusUITests */ = {
			isa = PBXNativeTarget;
			buildConfigurationList = 058D87C32F2ADE8600299CE8 /* Build configuration list for PBXNativeTarget "TessasaurusUITests" */;
			buildPhases = (
				058D87AF2F2ADE8600299CE8 /* Sources */,
				058D87B02F2ADE8600299CE8 /* Frameworks */,
				058D87B12F2ADE8600299CE8 /* Resources */,
			);
			buildRules = (
			);
			dependencies = (
				058D87B52F2ADE8600299CE8 /* PBXTargetDependency */,
			);
			fileSystemSynchronizedGroups = (
				058D87B62F2ADE8600299CE8 /* TessasaurusUITests */,
			);
			name = TessasaurusUITests;
			packageProductDependencies = (
			);
			productName = TessasaurusUITests;
			productReference = 058D87B32F2ADE8600299CE8 /* TessasaurusUITests.xctest */;
			productType = "com.apple.product-type.bundle.ui-testing";
		};
/* End PBXNativeTarget section */

/* Begin PBXProject section */
		058D87942F2ADE8400299CE8 /* Project object */ = {
			isa = PBXProject;
			attributes = {
				BuildIndependentTargetsInParallel = 1;
				LastSwiftUpdateCheck = 2610;
				LastUpgradeCheck = 2620;
				TargetAttributes = {
					058D879B2F2ADE8400299CE8 = {
						CreatedOnToolsVersion = 26.1.1;
					};
					058D87A82F2ADE8600299CE8 = {
						CreatedOnToolsVersion = 26.1.1;
						TestTargetID = 058D879B2F2ADE8400299CE8;
					};
					058D87B22F2ADE8600299CE8 = {
						CreatedOnToolsVersion = 26.1.1;
						TestTargetID = 058D879B2F2ADE8400299CE8;
					};
				};
			};
			buildConfigurationList = 058D87972F2ADE8400299CE8 /* Build configuration list for PBXProject "Tessasaurus" */;
			developmentRegion = en;
			hasScannedForEncodings = 0;
			knownRegions = (
				en,
				Base,
			);
			mainGroup = 058D87932F2ADE8400299CE8;
			minimizedProjectReferenceProxies = 1;
			packageReferences = (
				050793FB2F79DC590062BBBE /* XCRemoteSwiftPackageReference "firebase-ios-sdk" */,
			);
			preferredProjectObjectVersion = 77;
			productRefGroup = 058D879D2F2ADE8400299CE8 /* Products */;
			projectDirPath = "";
			projectRoot = "";
			targets = (
				058D879B2F2ADE8400299CE8 /* Tessasaurus */,
				058D87A82F2ADE8600299CE8 /* TessasaurusTests */,
				058D87B22F2ADE8600299CE8 /* TessasaurusUITests */,
			);
		};
/* End PBXProject section */

/* Begin PBXResourcesBuildPhase section */
		058D879A2F2ADE8400299CE8 /* Resources */ = {
			isa = PBXResourcesBuildPhase;
			buildActionMask = 2147483647;
			files = (
			);
			runOnlyForDeploymentPostprocessing = 0;
		};
		058D87A72F2ADE8600299CE8 /* Resources */ = {
			isa = PBXResourcesBuildPhase;
			buildActionMask = 2147483647;
			files = (
			);
			runOnlyForDeploymentPostprocessing = 0;
		};
		058D87B12F2ADE8600299CE8 /* Resources */ = {
			isa = PBXResourcesBuildPhase;
			buildActionMask = 2147483647;
			files = (
			);
			runOnlyForDeploymentPostprocessing = 0;
		};
/* End PBXResourcesBuildPhase section */

/* Begin PBXSourcesBuildPhase section */
		058D87982F2ADE8400299CE8 /* Sources */ = {
			isa = PBXSourcesBuildPhase;
			buildActionMask = 2147483647;
			files = (
			);
			runOnlyForDeploymentPostprocessing = 0;
		};
		058D87A52F2ADE8600299CE8 /* Sources */ = {
			isa = PBXSourcesBuildPhase;
			buildActionMask = 2147483647;
			files = (
			);
			runOnlyForDeploymentPostprocessing = 0;
		};
		058D87AF2F2ADE8600299CE8 /* Sources */ = {
			isa = PBXSourcesBuildPhase;
			buildActionMask = 2147483647;
			files = (
			);
			runOnlyForDeploymentPostprocessing = 0;
		};
/* End PBXSourcesBuildPhase section */

/* Begin PBXTargetDependency section */
		058D87AB2F2ADE8600299CE8 /* PBXTargetDependency */ = {
			isa = PBXTargetDependency;
			target = 058D879B2F2ADE8400299CE8 /* Tessasaurus */;
			targetProxy = 058D87AA2F2ADE8600299CE8 /* PBXContainerItemProxy */;
		};
		058D87B52F2ADE8600299CE8 /* PBXTargetDependency */ = {
			isa = PBXTargetDependency;
			target = 058D879B2F2ADE8400299CE8 /* Tessasaurus */;
			targetProxy = 058D87B42F2ADE8600299CE8 /* PBXContainerItemProxy */;
		};
/* End PBXTargetDependency section */

/* Begin XCBuildConfiguration section */
		058D87BB2F2ADE8600299CE8 /* Debug */ = {
			isa = XCBuildConfiguration;
			buildSettings = {
				ALWAYS_SEARCH_USER_PATHS = NO;
				ASSETCATALOG_COMPILER_GENERATE_SWIFT_ASSET_SYMBOL_EXTENSIONS = YES;
				CLANG_ANALYZER_NONNULL = YES;
				CLANG_ANALYZER_NUMBER_OBJECT_CONVERSION = YES_AGGRESSIVE;
				CLANG_CXX_LANGUAGE_STANDARD = "gnu++20";
				CLANG_ENABLE_MODULES = YES;
				CLANG_ENABLE_OBJC_ARC = YES;
				CLANG_ENABLE_OBJC_WEAK = YES;
				CLANG_WARN_BLOCK_CAPTURE_AUTORELEASING = YES;
				CLANG_WARN_BOOL_CONVERSION = YES;
				CLANG_WARN_COMMA = YES;
				CLANG_WARN_CONSTANT_CONVERSION = YES;
				CLANG_WARN_DEPRECATED_OBJC_IMPLEMENTATIONS = YES;
				CLANG_WARN_DIRECT_OBJC_ISA_USAGE = YES_ERROR;
				CLANG_WARN_DOCUMENTATION_COMMENTS = YES;
				CLANG_WARN_EMPTY_BODY = YES;
				CLANG_WARN_ENUM_CONVERSION = YES;
				CLANG_WARN_INFINITE_RECURSION = YES;
				CLANG_WARN_INT_CONVERSION = YES;
				CLANG_WARN_NON_LITERAL_NULL_CONVERSION = YES;
				CLANG_WARN_OBJC_IMPLICIT_RETAIN_SELF = YES;
				CLANG_WARN_OBJC_LITERAL_CONVERSION = YES;
				CLANG_WARN_OBJC_ROOT_CLASS = YES_ERROR;
				CLANG_WARN_QUOTED_INCLUDE_IN_FRAMEWORK_HEADER = YES;
				CLANG_WARN_RANGE_LOOP_ANALYSIS = YES;
				CLANG_WARN_STRICT_PROTOTYPES = YES;
				CLANG_WARN_SUSPICIOUS_MOVE = YES;
				CLANG_WARN_UNGUARDED_AVAILABILITY = YES_AGGRESSIVE;
				CLANG_WARN_UNREACHABLE_CODE = YES;
				CLANG_WARN__DUPLICATE_METHOD_MATCH = YES;
				"CODE_SIGN_ENTITLEMENTS[sdk=*]" = Tessasaurus/Tessasaurus.entitlements;
				COPY_PHASE_STRIP = NO;
				DEBUG_INFORMATION_FORMAT = dwarf;
				DEVELOPMENT_TEAM = CF6ZK937NA;
				ENABLE_STRICT_OBJC_MSGSEND = YES;
				ENABLE_TESTABILITY = YES;
				ENABLE_USER_SCRIPT_SANDBOXING = YES;
				GCC_C_LANGUAGE_STANDARD = gnu17;
				GCC_DYNAMIC_NO_PIC = NO;
				GCC_NO_COMMON_BLOCKS = YES;
				GCC_OPTIMIZATION_LEVEL = 0;
				GCC_PREPROCESSOR_DEFINITIONS = (
					"DEBUG=1",
					"$(inherited)",
				);
				GCC_WARN_64_TO_32_BIT_CONVERSION = YES;
				GCC_WARN_ABOUT_RETURN_TYPE = YES_ERROR;
				GCC_WARN_UNDECLARED_SELECTOR = YES;
				GCC_WARN_UNINITIALIZED_AUTOS = YES_AGGRESSIVE;
				GCC_WARN_UNUSED_FUNCTION = YES;
				GCC_WARN_UNUSED_VARIABLE = YES;
				IPHONEOS_DEPLOYMENT_TARGET = 26.1;
				LOCALIZATION_PREFERS_STRING_CATALOGS = YES;
				MTL_ENABLE_DEBUG_INFO = INCLUDE_SOURCE;
				MTL_FAST_MATH = YES;
				ONLY_ACTIVE_ARCH = YES;
				SDKROOT = iphoneos;
				STRING_CATALOG_GENERATE_SYMBOLS = YES;
				SWIFT_ACTIVE_COMPILATION_CONDITIONS = "DEBUG $(inherited)";
				SWIFT_OPTIMIZATION_LEVEL = "-Onone";
			};
			name = Debug;
		};
		058D87BC2F2ADE8600299CE8 /* Release */ = {
			isa = XCBuildConfiguration;
			buildSettings = {
				ALWAYS_SEARCH_USER_PATHS = NO;
				ASSETCATALOG_COMPILER_GENERATE_SWIFT_ASSET_SYMBOL_EXTENSIONS = YES;
				CLANG_ANALYZER_NONNULL = YES;
				CLANG_ANALYZER_NUMBER_OBJECT_CONVERSION = YES_AGGRESSIVE;
				CLANG_CXX_LANGUAGE_STANDARD = "gnu++20";
				CLANG_ENABLE_MODULES = YES;
				CLANG_ENABLE_OBJC_ARC = YES;
				CLANG_ENABLE_OBJC_WEAK = YES;
				CLANG_WARN_BLOCK_CAPTURE_AUTORELEASING = YES;
				CLANG_WARN_BOOL_CONVERSION = YES;
				CLANG_WARN_COMMA = YES;
				CLANG_WARN_CONSTANT_CONVERSION = YES;
				CLANG_WARN_DEPRECATED_OBJC_IMPLEMENTATIONS = YES;
				CLANG_WARN_DIRECT_OBJC_ISA_USAGE = YES_ERROR;
				CLANG_WARN_DOCUMENTATION_COMMENTS = YES;
				CLANG_WARN_EMPTY_BODY = YES;
				CLANG_WARN_ENUM_CONVERSION = YES;
				CLANG_WARN_INFINITE_RECURSION = YES;
				CLANG_WARN_INT_CONVERSION = YES;
				CLANG_WARN_NON_LITERAL_NULL_CONVERSION = YES;
				CLANG_WARN_OBJC_IMPLICIT_RETAIN_SELF = YES;
				CLANG_WARN_OBJC_LITERAL_CONVERSION = YES;
				CLANG_WARN_OBJC_ROOT_CLASS = YES_ERROR;
				CLANG_WARN_QUOTED_INCLUDE_IN_FRAMEWORK_HEADER = YES;
				CLANG_WARN_RANGE_LOOP_ANALYSIS = YES;
				CLANG_WARN_STRICT_PROTOTYPES = YES;
				CLANG_WARN_SUSPICIOUS_MOVE = YES;
				CLANG_WARN_UNGUARDED_AVAILABILITY = YES_AGGRESSIVE;
				CLANG_WARN_UNREACHABLE_CODE = YES;
				CLANG_WARN__DUPLICATE_METHOD_MATCH = YES;
				"CODE_SIGN_ENTITLEMENTS[sdk=*]" = Tessasaurus/Tessasaurus.entitlements;
				COPY_PHASE_STRIP = NO;
				DEBUG_INFORMATION_FORMAT = "dwarf-with-dsym";
				DEVELOPMENT_TEAM = CF6ZK937NA;
				ENABLE_NS_ASSERTIONS = NO;
				ENABLE_STRICT_OBJC_MSGSEND = YES;
				ENABLE_USER_SCRIPT_SANDBOXING = YES;
				GCC_C_LANGUAGE_STANDARD = gnu17;
				GCC_NO_COMMON_BLOCKS = YES;
				GCC_WARN_64_TO_32_BIT_CONVERSION = YES;
				GCC_WARN_ABOUT_RETURN_TYPE = YES_ERROR;
				GCC_WARN_UNDECLARED_SELECTOR = YES;
				GCC_WARN_UNINITIALIZED_AUTOS = YES_AGGRESSIVE;
				GCC_WARN_UNUSED_FUNCTION = YES;
				GCC_WARN_UNUSED_VARIABLE = YES;
				IPHONEOS_DEPLOYMENT_TARGET = 26.1;
				LOCALIZATION_PREFERS_STRING_CATALOGS = YES;
				MTL_ENABLE_DEBUG_INFO = NO;
				MTL_FAST_MATH = YES;
				SDKROOT = iphoneos;
				STRING_CATALOG_GENERATE_SYMBOLS = YES;
				SWIFT_COMPILATION_MODE = wholemodule;
				VALIDATE_PRODUCT = YES;
			};
			name = Release;
		};
		058D87BE2F2ADE8600299CE8 /* Debug */ = {
			isa = XCBuildConfiguration;
			buildSettings = {
				ASSETCATALOG_COMPILER_APPICON_NAME = AppIcon;
				ASSETCATALOG_COMPILER_GLOBAL_ACCENT_COLOR_NAME = AccentColor;
				CODE_SIGN_ENTITLEMENTS = Tessasaurus/Tessasaurus.entitlements;
				CODE_SIGN_STYLE = Automatic;
				CURRENT_PROJECT_VERSION = 1;
				DEVELOPMENT_TEAM = CF6ZK937NA;
				ENABLE_PREVIEWS = YES;
				GENERATE_INFOPLIST_FILE = YES;
				INFOPLIST_FILE = Tessasaurus/Info.plist;
				INFOPLIST_KEY_UIApplicationSceneManifest_Generation = YES;
				INFOPLIST_KEY_UIApplicationSupportsIndirectInputEvents = YES;
				INFOPLIST_KEY_UILaunchScreen_Generation = YES;
				INFOPLIST_KEY_UISupportedInterfaceOrientations_iPad = "UIInterfaceOrientationPortrait UIInterfaceOrientationPortraitUpsideDown UIInterfaceOrientationLandscapeLeft UIInterfaceOrientationLandscapeRight";
				INFOPLIST_KEY_UISupportedInterfaceOrientations_iPhone = "UIInterfaceOrientationPortrait UIInterfaceOrientationLandscapeLeft UIInterfaceOrientationLandscapeRight";
				LD_RUNPATH_SEARCH_PATHS = (
					"$(inherited)",
					"@executable_path/Frameworks",
				);
				MARKETING_VERSION = 1.0;
				PRODUCT_BUNDLE_IDENTIFIER = personal.thanhhuynh.Tessasaurus;
				PRODUCT_NAME = "$(TARGET_NAME)";
				STRING_CATALOG_GENERATE_SYMBOLS = YES;
				SWIFT_APPROACHABLE_CONCURRENCY = YES;
				SWIFT_DEFAULT_ACTOR_ISOLATION = MainActor;
				SWIFT_EMIT_LOC_STRINGS = YES;
				SWIFT_UPCOMING_FEATURE_MEMBER_IMPORT_VISIBILITY = YES;
				SWIFT_VERSION = 5.0;
				TARGETED_DEVICE_FAMILY = "1,2";
			};
			name = Debug;
		};
		058D87BF2F2ADE8600299CE8 /* Release */ = {
			isa = XCBuildConfiguration;
			buildSettings = {
				ASSETCATALOG_COMPILER_APPICON_NAME = AppIcon;
				ASSETCATALOG_COMPILER_GLOBAL_ACCENT_COLOR_NAME = AccentColor;
				CODE_SIGN_ENTITLEMENTS = Tessasaurus/Tessasaurus.entitlements;
				CODE_SIGN_STYLE = Automatic;
				CURRENT_PROJECT_VERSION = 1;
				DEVELOPMENT_TEAM = CF6ZK937NA;
				ENABLE_PREVIEWS = YES;
				GENERATE_INFOPLIST_FILE = YES;
				INFOPLIST_FILE = Tessasaurus/Info.plist;
				INFOPLIST_KEY_UIApplicationSceneManifest_Generation = YES;
				INFOPLIST_KEY_UIApplicationSupportsIndirectInputEvents = YES;
				INFOPLIST_KEY_UILaunchScreen_Generation = YES;
				INFOPLIST_KEY_UISupportedInterfaceOrientations_iPad = "UIInterfaceOrientationPortrait UIInterfaceOrientationPortraitUpsideDown UIInterfaceOrientationLandscapeLeft UIInterfaceOrientationLandscapeRight";
				INFOPLIST_KEY_UISupportedInterfaceOrientations_iPhone = "UIInterfaceOrientationPortrait UIInterfaceOrientationLandscapeLeft UIInterfaceOrientationLandscapeRight";
				LD_RUNPATH_SEARCH_PATHS = (
					"$(inherited)",
					"@executable_path/Frameworks",
				);
				MARKETING_VERSION = 1.0;
				PRODUCT_BUNDLE_IDENTIFIER = personal.thanhhuynh.Tessasaurus;
				PRODUCT_NAME = "$(TARGET_NAME)";
				STRING_CATALOG_GENERATE_SYMBOLS = YES;
				SWIFT_APPROACHABLE_CONCURRENCY = YES;
				SWIFT_DEFAULT_ACTOR_ISOLATION = MainActor;
				SWIFT_EMIT_LOC_STRINGS = YES;
				SWIFT_UPCOMING_FEATURE_MEMBER_IMPORT_VISIBILITY = YES;
				SWIFT_VERSION = 5.0;
				TARGETED_DEVICE_FAMILY = "1,2";
			};
			name = Release;
		};
		058D87C12F2ADE8600299CE8 /* Debug */ = {
			isa = XCBuildConfiguration;
			buildSettings = {
				BUNDLE_LOADER = "$(TEST_HOST)";
				CODE_SIGN_STYLE = Automatic;
				CURRENT_PROJECT_VERSION = 1;
				DEVELOPMENT_TEAM = CF6ZK937NA;
				GENERATE_INFOPLIST_FILE = YES;
				IPHONEOS_DEPLOYMENT_TARGET = 26.1;
				MARKETING_VERSION = 1.0;
				PRODUCT_BUNDLE_IDENTIFIER = personal.thanhhuynh.TessasaurusTests;
				PRODUCT_NAME = "$(TARGET_NAME)";
				STRING_CATALOG_GENERATE_SYMBOLS = NO;
				SWIFT_APPROACHABLE_CONCURRENCY = YES;
				SWIFT_EMIT_LOC_STRINGS = NO;
				SWIFT_UPCOMING_FEATURE_MEMBER_IMPORT_VISIBILITY = YES;
				SWIFT_VERSION = 5.0;
				TARGETED_DEVICE_FAMILY = "1,2";
				TEST_HOST = "$(BUILT_PRODUCTS_DIR)/Tessasaurus.app/$(BUNDLE_EXECUTABLE_FOLDER_PATH)/Tessasaurus";
			};
			name = Debug;
		};
		058D87C22F2ADE8600299CE8 /* Release */ = {
			isa = XCBuildConfiguration;
			buildSettings = {
				BUNDLE_LOADER = "$(TEST_HOST)";
				CODE_SIGN_STYLE = Automatic;
				CURRENT_PROJECT_VERSION = 1;
				DEVELOPMENT_TEAM = CF6ZK937NA;
				GENERATE_INFOPLIST_FILE = YES;
				IPHONEOS_DEPLOYMENT_TARGET = 26.1;
				MARKETING_VERSION = 1.0;
				PRODUCT_BUNDLE_IDENTIFIER = personal.thanhhuynh.TessasaurusTests;
				PRODUCT_NAME = "$(TARGET_NAME)";
				STRING_CATALOG_GENERATE_SYMBOLS = NO;
				SWIFT_APPROACHABLE_CONCURRENCY = YES;
				SWIFT_EMIT_LOC_STRINGS = NO;
				SWIFT_UPCOMING_FEATURE_MEMBER_IMPORT_VISIBILITY = YES;
				SWIFT_VERSION = 5.0;
				TARGETED_DEVICE_FAMILY = "1,2";
				TEST_HOST = "$(BUILT_PRODUCTS_DIR)/Tessasaurus.app/$(BUNDLE_EXECUTABLE_FOLDER_PATH)/Tessasaurus";
			};
			name = Release;
		};
		058D87C42F2ADE8600299CE8 /* Debug */ = {
			isa = XCBuildConfiguration;
			buildSettings = {
				CODE_SIGN_STYLE = Automatic;
				CURRENT_PROJECT_VERSION = 1;
				DEVELOPMENT_TEAM = CF6ZK937NA;
				GENERATE_INFOPLIST_FILE = YES;
				MARKETING_VERSION = 1.0;
				PRODUCT_BUNDLE_IDENTIFIER = personal.thanhhuynh.TessasaurusUITests;
				PRODUCT_NAME = "$(TARGET_NAME)";
				STRING_CATALOG_GENERATE_SYMBOLS = NO;
				SWIFT_APPROACHABLE_CONCURRENCY = YES;
				SWIFT_EMIT_LOC_STRINGS = NO;
				SWIFT_UPCOMING_FEATURE_MEMBER_IMPORT_VISIBILITY = YES;
				SWIFT_VERSION = 5.0;
				TARGETED_DEVICE_FAMILY = "1,2";
				TEST_TARGET_NAME = Tessasaurus;
			};
			name = Debug;
		};
		058D87C52F2ADE8600299CE8 /* Release */ = {
			isa = XCBuildConfiguration;
			buildSettings = {
				CODE_SIGN_STYLE = Automatic;
				CURRENT_PROJECT_VERSION = 1;
				DEVELOPMENT_TEAM = CF6ZK937NA;
				GENERATE_INFOPLIST_FILE = YES;
				MARKETING_VERSION = 1.0;
				PRODUCT_BUNDLE_IDENTIFIER = personal.thanhhuynh.TessasaurusUITests;
				PRODUCT_NAME = "$(TARGET_NAME)";
				STRING_CATALOG_GENERATE_SYMBOLS = NO;
				SWIFT_APPROACHABLE_CONCURRENCY = YES;
				SWIFT_EMIT_LOC_STRINGS = NO;
				SWIFT_UPCOMING_FEATURE_MEMBER_IMPORT_VISIBILITY = YES;
				SWIFT_VERSION = 5.0;
				TARGETED_DEVICE_FAMILY = "1,2";
				TEST_TARGET_NAME = Tessasaurus;
			};
			name = Release;
		};
/* End XCBuildConfiguration section */

/* Begin XCConfigurationList section */
		058D87972F2ADE8400299CE8 /* Build configuration list for PBXProject "Tessasaurus" */ = {
			isa = XCConfigurationList;
			buildConfigurations = (
				058D87BB2F2ADE8600299CE8 /* Debug */,
				058D87BC2F2ADE8600299CE8 /* Release */,
			);
			defaultConfigurationIsVisible = 0;
			defaultConfigurationName = Release;
		};
		058D87BD2F2ADE8600299CE8 /* Build configuration list for PBXNativeTarget "Tessasaurus" */ = {
			isa = XCConfigurationList;
			buildConfigurations = (
				058D87BE2F2ADE8600299CE8 /* Debug */,
				058D87BF2F2ADE8600299CE8 /* Release */,
			);
			defaultConfigurationIsVisible = 0;
			defaultConfigurationName = Release;
		};
		058D87C02F2ADE8600299CE8 /* Build configuration list for PBXNativeTarget "TessasaurusTests" */ = {
			isa = XCConfigurationList;
			buildConfigurations = (
				058D87C12F2ADE8600299CE8 /* Debug */,
				058D87C22F2ADE8600299CE8 /* Release */,
			);
			defaultConfigurationIsVisible = 0;
			defaultConfigurationName = Release;
		};
		058D87C32F2ADE8600299CE8 /* Build configuration list for PBXNativeTarget "TessasaurusUITests" */ = {
			isa = XCConfigurationList;
			buildConfigurations = (
				058D87C42F2ADE8600299CE8 /* Debug */,
				058D87C52F2ADE8600299CE8 /* Release */,
			);
			defaultConfigurationIsVisible = 0;
			defaultConfigurationName = Release;
		};
/* End XCConfigurationList section */

/* Begin XCRemoteSwiftPackageReference section */
		050793FB2F79DC590062BBBE /* XCRemoteSwiftPackageReference "firebase-ios-sdk" */ = {
			isa = XCRemoteSwiftPackageReference;
			repositoryURL = "https://github.com/firebase/firebase-ios-sdk";
			requirement = {
				kind = upToNextMajorVersion;
				minimumVersion = 12.11.0;
			};
		};
/* End XCRemoteSwiftPackageReference section */

/* Begin XCSwiftPackageProductDependency section */
		050793FC2F79DC590062BBBE /* FirebaseAnalytics */ = {
			isa = XCSwiftPackageProductDependency;
			package = 050793FB2F79DC590062BBBE /* XCRemoteSwiftPackageReference "firebase-ios-sdk" */;
			productName = FirebaseAnalytics;
		};
		050793FE2F79DC590062BBBE /* FirebaseAnalyticsCore */ = {
			isa = XCSwiftPackageProductDependency;
			package = 050793FB2F79DC590062BBBE /* XCRemoteSwiftPackageReference "firebase-ios-sdk" */;
			productName = FirebaseAnalyticsCore;
		};
		050794002F79DC590062BBBE /* FirebaseAnalyticsIdentitySupport */ = {
			isa = XCSwiftPackageProductDependency;
			package = 050793FB2F79DC590062BBBE /* XCRemoteSwiftPackageReference "firebase-ios-sdk" */;
			productName = FirebaseAnalyticsIdentitySupport;
		};
		050794072F79E35D0062BBBE /* FirebaseAuth */ = {
			isa = XCSwiftPackageProductDependency;
			package = 050793FB2F79DC590062BBBE /* XCRemoteSwiftPackageReference "firebase-ios-sdk" */;
			productName = FirebaseAuth;
		};
		050794092F79E35D0062BBBE /* FirebaseFirestore */ = {
			isa = XCSwiftPackageProductDependency;
			package = 050793FB2F79DC590062BBBE /* XCRemoteSwiftPackageReference "firebase-ios-sdk" */;
			productName = FirebaseFirestore;
		};
		0507940B2F79E35D0062BBBE /* FirebaseStorage */ = {
			isa = XCSwiftPackageProductDependency;
			package = 050793FB2F79DC590062BBBE /* XCRemoteSwiftPackageReference "firebase-ios-sdk" */;
			productName = FirebaseStorage;
		};
/* End XCSwiftPackageProductDependency section */
	};
	rootObject = 058D87942F2ADE8400299CE8 /* Project object */;
}
